// !$*UTF8*$!
{
	archiveVersion = 1;
	classes = {
	};
	objectVersion = 46;
	objects = {

/* Begin PBXBuildFile section */
		E1AAEDEC1EDA67E100FC4CF9 /* main.m in Sources */ = {isa = PBXBuildFile; fileRef = E1AAEDEB1EDA67E100FC4CF9 /* main.m */; };
		E1AAEDEF1EDA67E100FC4CF9 /* AppDelegate.m in Sources */ = {isa = PBXBuildFile; fileRef = E1AAEDEE1EDA67E100FC4CF9 /* AppDelegate.m */; };
		E1AAEDF21EDA67E100FC4CF9 /* ViewController.m in Sources */ = {isa = PBXBuildFile; fileRef = E1AAEDF11EDA67E100FC4CF9 /* ViewController.m */; };
		E1AAEDF51EDA67E100FC4CF9 /* Main.storyboard in Resources */ = {isa = PBXBuildFile; fileRef = E1AAEDF31EDA67E100FC4CF9 /* Main.storyboard */; };
		E1AAEDF71EDA67E100FC4CF9 /* Assets.xcassets in Resources */ = {isa = PBXBuildFile; fileRef = E1AAEDF61EDA67E100FC4CF9 /* Assets.xcassets */; };
		E1AAEDFA1EDA67E100FC4CF9 /* LaunchScreen.storyboard in Resources */ = {isa = PBXBuildFile; fileRef = E1AAEDF81EDA67E100FC4CF9 /* LaunchScreen.storyboard */; };
		E1AAEE051EDA67E100FC4CF9 /* myYelpStudyTests.m in Sources */ = {isa = PBXBuildFile; fileRef = E1AAEE041EDA67E100FC4CF9 /* myYelpStudyTests.m */; };
		E1AAEE101EDA67E100FC4CF9 /* myYelpStudyUITests.m in Sources */ = {isa = PBXBuildFile; fileRef = E1AAEE0F1EDA67E100FC4CF9 /* myYelpStudyUITests.m */; };
/* End PBXBuildFile section */

/* Begin PBXContainerItemProxy section */
		E1AAEE011EDA67E100FC4CF9 /* PBXContainerItemProxy */ = {
			isa = PBXContainerItemProxy;
			containerPortal = E1AAEDDF1EDA67E100FC4CF9 /* Project object */;
			proxyType = 1;
			remoteGlobalIDString = E1AAEDE61EDA67E100FC4CF9;
			remoteInfo = myYelpStudy;
		};
		E1AAEE0C1EDA67E100FC4CF9 /* PBXContainerItemProxy */ = {
			isa = PBXContainerItemProxy;
			containerPortal = E1AAEDDF1EDA67E100FC4CF9 /* Project object */;
			proxyType = 1;
			remoteGlobalIDString = E1AAEDE61EDA67E100FC4CF9;
			remoteInfo = myYelpStudy;
		};
/* End PBXContainerItemProxy section */

/* Begin PBXFileReference section */
		E1AAEDE71EDA67E100FC4CF9 /* myYelpStudy.app */ = {isa = PBXFileReference; explicitFileType = wrapper.application; includeInIndex = 0; path = myYelpStudy.app; sourceTree = BUILT_PRODUCTS_DIR; };
		E1AAEDEB1EDA67E100FC4CF9 /* main.m */ = {isa = PBXFileReference; lastKnownFileType = sourcecode.c.objc; path = main.m; sourceTree = "<group>"; };
		E1AAEDED1EDA67E100FC4CF9 /* AppDelegate.h */ = {isa = PBXFileReference; lastKnownFileType = sourcecode.c.h; path = AppDelegate.h; sourceTree = "<group>"; };
		E1AAEDEE1EDA67E100FC4CF9 /* AppDelegate.m */ = {isa = PBXFileReference; lastKnownFileType = sourcecode.c.objc; path = AppDelegate.m; sourceTree = "<group>"; };
		E1AAEDF01EDA67E100FC4CF9 /* ViewController.h */ = {isa = PBXFileReference; lastKnownFileType = sourcecode.c.h; path = ViewController.h; sourceTree = "<group>"; };
		E1AAEDF11EDA67E100FC4CF9 /* ViewController.m */ = {isa = PBXFileReference; lastKnownFileType = sourcecode.c.objc; path = ViewController.m; sourceTree = "<group>"; };
		E1AAEDF41EDA67E100FC4CF9 /* Base */ = {isa = PBXFileReference; lastKnownFileType = file.storyboard; name = Base; path = Base.lproj/Main.storyboard; sourceTree = "<group>"; };
		E1AAEDF61EDA67E100FC4CF9 /* Assets.xcassets */ = {isa = PBXFileReference; lastKnownFileType = folder.assetcatalog; path = Assets.xcassets; sourceTree = "<group>"; };
		E1AAEDF91EDA67E100FC4CF9 /* Base */ = {isa = PBXFileReference; lastKnownFileType = file.storyboard; name = Base; path = Base.lproj/LaunchScreen.storyboard; sourceTree = "<group>"; };
		E1AAEDFB1EDA67E100FC4CF9 /* Info.plist */ = {isa = PBXFileReference; lastKnownFileType = text.plist.xml; path = Info.plist; sourceTree = "<group>"; };
		E1AAEE001EDA67E100FC4CF9 /* myYelpStudyTests.xctest */ = {isa = PBXFileReference; explicitFileType = wrapper.cfbundle; includeInIndex = 0; path = myYelpStudyTests.xctest; sourceTree = BUILT_PRODUCTS_DIR; };
		E1AAEE041EDA67E100FC4CF9 /* myYelpStudyTests.m */ = {isa = PBXFileReference; lastKnownFileType = sourcecode.c.objc; path = myYelpStudyTests.m; sourceTree = "<group>"; };
		E1AAEE061EDA67E100FC4CF9 /* Info.plist */ = {isa = PBXFileReference; lastKnownFileType = text.plist.xml; path = Info.plist; sourceTree = "<group>"; };
		E1AAEE0B1EDA67E100FC4CF9 /* myYelpStudyUITests.xctest */ = {isa = PBXFileReference; explicitFileType = wrapper.cfbundle; includeInIndex = 0; path = myYelpStudyUITests.xctest; sourceTree = BUILT_PRODUCTS_DIR; };
		E1AAEE0F1EDA67E100FC4CF9 /* myYelpStudyUITests.m */ = {isa = PBXFileReference; lastKnownFileType = sourcecode.c.objc; path = myYelpStudyUITests.m; sourceTree = "<group>"; };
		E1AAEE111EDA67E100FC4CF9 /* Info.plist */ = {isa = PBXFileReference; lastKnownFileType = text.plist.xml; path = Info.plist; sourceTree = "<group>"; };
/* End PBXFileReference section */

/* Begin PBXFrameworksBuildPhase section */
		E1AAEDE41EDA67E100FC4CF9 /* Frameworks */ = {
			isa = PBXFrameworksBuildPhase;
			buildActionMask = 2147483647;
			files = (
			);
			runOnlyForDeploymentPostprocessing = 0;
		};
		E1AAEDFD1EDA67E100FC4CF9 /* Frameworks */ = {
			isa = PBXFrameworksBuildPhase;
			buildActionMask = 2147483647;
			files = (
			);
			runOnlyForDeploymentPostprocessing = 0;
		};
		E1AAEE081EDA67E100FC4CF9 /* Frameworks */ = {
			isa = PBXFrameworksBuildPhase;
			buildActionMask = 2147483647;
			files = (
			);
			runOnlyForDeploymentPostprocessing = 0;
		};
/* End PBXFrameworksBuildPhase section */

/* Begin PBXGroup section */
		E1AAEDDE1EDA67E100FC4CF9 = {
			isa = PBXGroup;
			children = (
				E1AAEDE91EDA67E100FC4CF9 /* myYelpStudy */,
				E1AAEE031EDA67E100FC4CF9 /* myYelpStudyTests */,
				E1AAEE0E1EDA67E100FC4CF9 /* myYelpStudyUITests */,
				E1AAEDE81EDA67E100FC4CF9 /* Products */,
			);
			sourceTree = "<group>";
		};
		E1AAEDE81EDA67E100FC4CF9 /* Products */ = {
			isa = PBXGroup;
			children = (
				E1AAEDE71EDA67E100FC4CF9 /* myYelpStudy.app */,
				E1AAEE001EDA67E100FC4CF9 /* myYelpStudyTests.xctest */,
				E1AAEE0B1EDA67E100FC4CF9 /* myYelpStudyUITests.xctest */,
			);
			name = Products;
			sourceTree = "<group>";
		};
		E1AAEDE91EDA67E100FC4CF9 /* myYelpStudy */ = {
			isa = PBXGroup;
			children = (
				E1AAEDED1EDA67E100FC4CF9 /* AppDelegate.h */,
				E1AAEDEE1EDA67E100FC4CF9 /* AppDelegate.m */,
				E1AAEDF01EDA67E100FC4CF9 /* ViewController.h */,
				E1AAEDF11EDA67E100FC4CF9 /* ViewController.m */,
				E1AAEDF31EDA67E100FC4CF9 /* Main.storyboard */,
				E1AAEDF61EDA67E100FC4CF9 /* Assets.xcassets */,
				E1AAEDF81EDA67E100FC4CF9 /* LaunchScreen.storyboard */,
				E1AAEDFB1EDA67E100FC4CF9 /* Info.plist */,
				E1AAEDEA1EDA67E100FC4CF9 /* Supporting Files */,
			);
			path = myYelpStudy;
			sourceTree = "<group>";
		};
		E1AAEDEA1EDA67E100FC4CF9 /* Supporting Files */ = {
			isa = PBXGroup;
			children = (
				E1AAEDEB1EDA67E100FC4CF9 /* main.m */,
			);
			name = "Supporting Files";
			sourceTree = "<group>";
		};
		E1AAEE031EDA67E100FC4CF9 /* myYelpStudyTests */ = {
			isa = PBXGroup;
			children = (
				E1AAEE041EDA67E100FC4CF9 /* myYelpStudyTests.m */,
				E1AAEE061EDA67E100FC4CF9 /* Info.plist */,
			);
			path = myYelpStudyTests;
			sourceTree = "<group>";
		};
		E1AAEE0E1EDA67E100FC4CF9 /* myYelpStudyUITests */ = {
			isa = PBXGroup;
			children = (
				E1AAEE0F1EDA67E100FC4CF9 /* myYelpStudyUITests.m */,
				E1AAEE111EDA67E100FC4CF9 /* Info.plist */,
			);
			path = myYelpStudyUITests;
			sourceTree = "<group>";
		};
/* End PBXGroup section */

/* Begin PBXNativeTarget section */
		E1AAEDE61EDA67E100FC4CF9 /* myYelpStudy */ = {
			isa = PBXNativeTarget;
			buildConfigurationList = E1AAEE141EDA67E100FC4CF9 /* Build configuration list for PBXNativeTarget "myYelpStudy" */;
			buildPhases = (
				E1AAEDE31EDA67E100FC4CF9 /* Sources */,
				E1AAEDE41EDA67E100FC4CF9 /* Frameworks */,
				E1AAEDE51EDA67E100FC4CF9 /* Resources */,
			);
			buildRules = (
			);
			dependencies = (
			);
			name = myYelpStudy;
			productName = myYelpStudy;
			productReference = E1AAEDE71EDA67E100FC4CF9 /* myYelpStudy.app */;
			productType = "com.apple.product-type.application";
		};
		E1AAEDFF1EDA67E100FC4CF9 /* myYelpStudyTests */ = {
			isa = PBXNativeTarget;
			buildConfigurationList = E1AAEE171EDA67E100FC4CF9 /* Build configuration list for PBXNativeTarget "myYelpStudyTests" */;
			buildPhases = (
				E1AAEDFC1EDA67E100FC4CF9 /* Sources */,
				E1AAEDFD1EDA67E100FC4CF9 /* Frameworks */,
				E1AAEDFE1EDA67E100FC4CF9 /* Resources */,
			);
			buildRules = (
			);
			dependencies = (
				E1AAEE021EDA67E100FC4CF9 /* PBXTargetDependency */,
			);
			name = myYelpStudyTests;
			productName = myYelpStudyTests;
			productReference = E1AAEE001EDA67E100FC4CF9 /* myYelpStudyTests.xctest */;
			productType = "com.apple.product-type.bundle.unit-test";
		};
		E1AAEE0A1EDA67E100FC4CF9 /* myYelpStudyUITests */ = {
			isa = PBXNativeTarget;
			buildConfigurationList = E1AAEE1A1EDA67E100FC4CF9 /* Build configuration list for PBXNativeTarget "myYelpStudyUITests" */;
			buildPhases = (
				E1AAEE071EDA67E100FC4CF9 /* Sources */,
				E1AAEE081EDA67E100FC4CF9 /* Frameworks */,
				E1AAEE091EDA67E100FC4CF9 /* Resources */,
			);
			buildRules = (
			);
			dependencies = (
				E1AAEE0D1EDA67E100FC4CF9 /* PBXTargetDependency */,
			);
			name = myYelpStudyUITests;
			productName = myYelpStudyUITests;
			productReference = E1AAEE0B1EDA67E100FC4CF9 /* myYelpStudyUITests.xctest */;
			productType = "com.apple.product-type.bundle.ui-testing";
		};
/* End PBXNativeTarget section */

/* Begin PBXProject section */
		E1AAEDDF1EDA67E100FC4CF9 /* Project object */ = {
			isa = PBXProject;
			attributes = {
				LastUpgradeCheck = 0830;
				ORGANIZATIONNAME = wty;
				TargetAttributes = {
					E1AAEDE61EDA67E100FC4CF9 = {
						CreatedOnToolsVersion = 8.3.2;
						ProvisioningStyle = Automatic;
					};
					E1AAEDFF1EDA67E100FC4CF9 = {
						CreatedOnToolsVersion = 8.3.2;
						ProvisioningStyle = Automatic;
						TestTargetID = E1AAEDE61EDA67E100FC4CF9;
					};
					E1AAEE0A1EDA67E100FC4CF9 = {
						CreatedOnToolsVersion = 8.3.2;
						ProvisioningStyle = Automatic;
						TestTargetID = E1AAEDE61EDA67E100FC4CF9;
					};
				};
			};
			buildConfigurationList = E1AAEDE21EDA67E100FC4CF9 /* Build configuration list for PBXProject "myYelpStudy" */;
			compatibilityVersion = "Xcode 3.2";
			developmentRegion = English;
			hasScannedForEncodings = 0;
			knownRegions = (
				en,
				Base,
			);
			mainGroup = E1AAEDDE1EDA67E100FC4CF9;
			productRefGroup = E1AAEDE81EDA67E100FC4CF9 /* Products */;
			projectDirPath = "";
			projectRoot = "";
			targets = (
				E1AAEDE61EDA67E100FC4CF9 /* myYelpStudy */,
				E1AAEDFF1EDA67E100FC4CF9 /* myYelpStudyTests */,
				E1AAEE0A1EDA67E100FC4CF9 /* myYelpStudyUITests */,
			);
		};
/* End PBXProject section */

/* Begin PBXResourcesBuildPhase section */
		E1AAEDE51EDA67E100FC4CF9 /* Resources */ = {
			isa = PBXResourcesBuildPhase;
			buildActionMask = 2147483647;
			files = (
				E1AAEDFA1EDA67E100FC4CF9 /* LaunchScreen.storyboard in Resources */,
				E1AAEDF71EDA67E100FC4CF9 /* Assets.xcassets in Resources */,
				E1AAEDF51EDA67E100FC4CF9 /* Main.storyboard in Resources */,
			);
			runOnlyForDeploymentPostprocessing = 0;
		};
		E1AAEDFE1EDA67E100FC4CF9 /* Resources */ = {
			isa = PBXResourcesBuildPhase;
			buildActionMask = 2147483647;
			files = (
			);
			runOnlyForDeploymentPostprocessing = 0;
		};
		E1AAEE091EDA67E100FC4CF9 /* Resources */ = {
			isa = PBXResourcesBuildPhase;
			buildActionMask = 2147483647;
			files = (
			);
			runOnlyForDeploymentPostprocessing = 0;
		};
/* End PBXResourcesBuildPhase section */

/* Begin PBXSourcesBuildPhase section */
		E1AAEDE31EDA67E100FC4CF9 /* Sources */ = {
			isa = PBXSourcesBuildPhase;
			buildActionMask = 2147483647;
			files = (
				E1AAEDF21EDA67E100FC4CF9 /* ViewController.m in Sources */,
				E1AAEDEF1EDA67E100FC4CF9 /* AppDelegate.m in Sources */,
				E1AAEDEC1EDA67E100FC4CF9 /* main.m in Sources */,
			);
			runOnlyForDeploymentPostprocessing = 0;
		};
		E1AAEDFC1EDA67E100FC4CF9 /* Sources */ = {
			isa = PBXSourcesBuildPhase;
			buildActionMask = 2147483647;
			files = (
				E1AAEE051EDA67E100FC4CF9 /* myYelpStudyTests.m in Sources */,
			);
			runOnlyForDeploymentPostprocessing = 0;
		};
		E1AAEE071EDA67E100FC4CF9 /* Sources */ = {
			isa = PBXSourcesBuildPhase;
			buildActionMask = 2147483647;
			files = (
				E1AAEE101EDA67E100FC4CF9 /* myYelpStudyUITests.m in Sources */,
			);
			runOnlyForDeploymentPostprocessing = 0;
		};
/* End PBXSourcesBuildPhase section */

/* Begin PBXTargetDependency section */
		E1AAEE021EDA67E100FC4CF9 /* PBXTargetDependency */ = {
			isa = PBXTargetDependency;
			target = E1AAEDE61EDA67E100FC4CF9 /* myYelpStudy */;
			targetProxy = E1AAEE011EDA67E100FC4CF9 /* PBXContainerItemProxy */;
		};
		E1AAEE0D1EDA67E100FC4CF9 /* PBXTargetDependency */ = {
			isa = PBXTargetDependency;
			target = E1AAEDE61EDA67E100FC4CF9 /* myYelpStudy */;
			targetProxy = E1AAEE0C1EDA67E100FC4CF9 /* PBXContainerItemProxy */;
		};
/* End PBXTargetDependency section */

/* Begin PBXVariantGroup section */
		E1AAEDF31EDA67E100FC4CF9 /* Main.storyboard */ = {
			isa = PBXVariantGroup;
			children = (
				E1AAEDF41EDA67E100FC4CF9 /* Base */,
			);
			name = Main.storyboard;
			sourceTree = "<group>";
		};
		E1AAEDF81EDA67E100FC4CF9 /* LaunchScreen.storyboard */ = {
			isa = PBXVariantGroup;
			children = (
				E1AAEDF91EDA67E100FC4CF9 /* Base */,
			);
			name = LaunchScreen.storyboard;
			sourceTree = "<group>";
		};
/* End PBXVariantGroup section */

/* Begin XCBuildConfiguration section */
		E1AAEE121EDA67E100FC4CF9 /* Debug */ = {
			isa = XCBuildConfiguration;
			buildSettings = {
				ALWAYS_SEARCH_USER_PATHS = NO;
				CLANG_ANALYZER_NONNULL = YES;
				CLANG_ANALYZER_NUMBER_OBJECT_CONVERSION = YES_AGGRESSIVE;
				CLANG_CXX_LANGUAGE_STANDARD = "gnu++0x";
				CLANG_CXX_LIBRARY = "libc++";
				CLANG_ENABLE_MODULES = YES;
				CLANG_ENABLE_OBJC_ARC = YES;
				CLANG_WARN_BOOL_CONVERSION = YES;
				CLANG_WARN_CONSTANT_CONVERSION = YES;
				CLANG_WARN_DIRECT_OBJC_ISA_USAGE = YES_ERROR;
				CLANG_WARN_DOCUMENTATION_COMMENTS = YES;
				CLANG_WARN_EMPTY_BODY = YES;
				CLANG_WARN_ENUM_CONVERSION = YES;
				CLANG_WARN_INFINITE_RECURSION = YES;
				CLANG_WARN_INT_CONVERSION = YES;
				CLANG_WARN_OBJC_ROOT_CLASS = YES_ERROR;
				CLANG_WARN_SUSPICIOUS_MOVE = YES;
				CLANG_WARN_UNREACHABLE_CODE = YES;
				CLANG_WARN__DUPLICATE_METHOD_MATCH = YES;
				"CODE_SIGN_IDENTITY[sdk=iphoneos*]" = "iPhone Developer";
				COPY_PHASE_STRIP = NO;
				DEBUG_INFORMATION_FORMAT = dwarf;
				ENABLE_STRICT_OBJC_MSGSEND = YES;
				ENABLE_TESTABILITY = YES;
				GCC_C_LANGUAGE_STANDARD = gnu99;
				GCC_DYNAMIC_NO_PIC = NO;
				GCC_NO_COMMON_BLOCKS = YES;
				GCC_OPTIMIZATION_LEVEL = 0;
				GCC_PREPROCESSOR_DEFINITIONS = (
					"DEBUG=1",
					"$(inherited)",
				);
				GCC_WARN_64_TO_32_BIT_CONVERSION = YES;
				GCC_WARN_ABOUT_RETURN_TYPE = YES_ERROR;
				GCC_WARN_UNDECLARED_SELECTOR = YES;
				GCC_WARN_UNINITIALIZED_AUTOS = YES_AGGRESSIVE;
				GCC_WARN_UNUSED_FUNCTION = YES;
				GCC_WARN_UNUSED_VARIABLE = YES;
				IPHONEOS_DEPLOYMENT_TARGET = 10.3;
				MTL_ENABLE_DEBUG_INFO = YES;
				ONLY_ACTIVE_ARCH = YES;
				SDKROOT = iphoneos;
				TARGETED_DEVICE_FAMILY = "1,2";
			};
			name = Debug;
		};
		E1AAEE131EDA67E100FC4CF9 /* Release */ = {
			isa = XCBuildConfiguration;
			buildSettings = {
				ALWAYS_SEARCH_USER_PATHS = NO;
				CLANG_ANALYZER_NONNULL = YES;
				CLANG_ANALYZER_NUMBER_OBJECT_CONVERSION = YES_AGGRESSIVE;
				CLANG_CXX_LANGUAGE_STANDARD = "gnu++0x";
				CLANG_CXX_LIBRARY = "libc++";
				CLANG_ENABLE_MODULES = YES;
				CLANG_ENABLE_OBJC_ARC = YES;
				CLANG_WARN_BOOL_CONVERSION = YES;
				CLANG_WARN_CONSTANT_CONVERSION = YES;
				CLANG_WARN_DIRECT_OBJC_ISA_USAGE = YES_ERROR;
				CLANG_WARN_DOCUMENTATION_COMMENTS = YES;
				CLANG_WARN_EMPTY_BODY = YES;
				CLANG_WARN_ENUM_CONVERSION = YES;
				CLANG_WARN_INFINITE_RECURSION = YES;
				CLANG_WARN_INT_CONVERSION = YES;
				CLANG_WARN_OBJC_ROOT_CLASS = YES_ERROR;
				CLANG_WARN_SUSPICIOUS_MOVE = YES;
				CLANG_WARN_UNREACHABLE_CODE = YES;
				CLANG_WARN__DUPLICATE_METHOD_MATCH = YES;
				"CODE_SIGN_IDENTITY[sdk=iphoneos*]" = "iPhone Developer";
				COPY_PHASE_STRIP = NO;
				DEBUG_INFORMATION_FORMAT = "dwarf-with-dsym";
				ENABLE_NS_ASSERTIONS = NO;
				ENABLE_STRICT_OBJC_MSGSEND = YES;
				GCC_C_LANGUAGE_STANDARD = gnu99;
				GCC_NO_COMMON_BLOCKS = YES;
				GCC_WARN_64_TO_32_BIT_CONVERSION = YES;
				GCC_WARN_ABOUT_RETURN_TYPE = YES_ERROR;
				GCC_WARN_UNDECLARED_SELECTOR = YES;
				GCC_WARN_UNINITIALIZED_AUTOS = YES_AGGRESSIVE;
				GCC_WARN_UNUSED_FUNCTION = YES;
				GCC_WARN_UNUSED_VARIABLE = YES;
				IPHONEOS_DEPLOYMENT_TARGET = 10.3;
				MTL_ENABLE_DEBUG_INFO = NO;
				SDKROOT = iphoneos;
				TARGETED_DEVICE_FAMILY = "1,2";
				VALIDATE_PRODUCT = YES;
			};
			name = Release;
		};
		E1AAEE151EDA67E100FC4CF9 /* Debug */ = {
			isa = XCBuildConfiguration;
			buildSettings = {
				ASSETCATALOG_COMPILER_APPICON_NAME = AppIcon;
				INFOPLIST_FILE = myYelpStudy/Info.plist;
				LD_RUNPATH_SEARCH_PATHS = "$(inherited) @executable_path/Frameworks";
				PRODUCT_BUNDLE_IDENTIFIER = "-23.myYelpStudy";
				PRODUCT_NAME = "$(TARGET_NAME)";
			};
			name = Debug;
		};
		E1AAEE161EDA67E100FC4CF9 /* Release */ = {
			isa = XCBuildConfiguration;
			buildSettings = {
				ASSETCATALOG_COMPILER_APPICON_NAME = AppIcon;
				INFOPLIST_FILE = myYelpStudy/Info.plist;
				LD_RUNPATH_SEARCH_PATHS = "$(inherited) @executable_path/Frameworks";
				PRODUCT_BUNDLE_IDENTIFIER = "-23.myYelpStudy";
				PRODUCT_NAME = "$(TARGET_NAME)";
			};
			name = Release;
		};
		E1AAEE181EDA67E100FC4CF9 /* Debug */ = {
			isa = XCBuildConfiguration;
			buildSettings = {
				BUNDLE_LOADER = "$(TEST_HOST)";
				INFOPLIST_FILE = myYelpStudyTests/Info.plist;
				LD_RUNPATH_SEARCH_PATHS = "$(inherited) @executable_path/Frameworks @loader_path/Frameworks";
				PRODUCT_BUNDLE_IDENTIFIER = "-23.myYelpStudyTests";
				PRODUCT_NAME = "$(TARGET_NAME)";
				TEST_HOST = "$(BUILT_PRODUCTS_DIR)/myYelpStudy.app/myYelpStudy";
			};
			name = Debug;
		};
		E1AAEE191EDA67E100FC4CF9 /* Release */ = {
			isa = XCBuildConfiguration;
			buildSettings = {
				BUNDLE_LOADER = "$(TEST_HOST)";
				INFOPLIST_FILE = myYelpStudyTests/Info.plist;
				LD_RUNPATH_SEARCH_PATHS = "$(inherited) @executable_path/Frameworks @loader_path/Frameworks";
				PRODUCT_BUNDLE_IDENTIFIER = "-23.myYelpStudyTests";
				PRODUCT_NAME = "$(TARGET_NAME)";
				TEST_HOST = "$(BUILT_PRODUCTS_DIR)/myYelpStudy.app/myYelpStudy";
			};
			name = Release;
		};
		E1AAEE1B1EDA67E100FC4CF9 /* Debug */ = {
			isa = XCBuildConfiguration;
			buildSettings = {
				INFOPLIST_FILE = myYelpStudyUITests/Info.plist;
				LD_RUNPATH_SEARCH_PATHS = "$(inherited) @executable_path/Frameworks @loader_path/Frameworks";
				PRODUCT_BUNDLE_IDENTIFIER = "-23.myYelpStudyUITests";
				PRODUCT_NAME = "$(TARGET_NAME)";
				TEST_TARGET_NAME = myYelpStudy;
			};
			name = Debug;
		};
		E1AAEE1C1EDA67E100FC4CF9 /* Release */ = {
			isa = XCBuildConfiguration;
			buildSettings = {
				INFOPLIST_FILE = myYelpStudyUITests/Info.plist;
				LD_RUNPATH_SEARCH_PATHS = "$(inherited) @executable_path/Frameworks @loader_path/Frameworks";
				PRODUCT_BUNDLE_IDENTIFIER = "-23.myYelpStudyUITests";
				PRODUCT_NAME = "$(TARGET_NAME)";
				TEST_TARGET_NAME = myYelpStudy;
			};
			name = Release;
		};
/* End XCBuildConfiguration section */

/* Begin XCConfigurationList section */
		E1AAEDE21EDA67E100FC4CF9 /* Build configuration list for PBXProject "myYelpStudy" */ = {
			isa = XCConfigurationList;
			buildConfigurations = (
				E1AAEE121EDA67E100FC4CF9 /* Debug */,
				E1AAEE131EDA67E100FC4CF9 /* Release */,
			);
			defaultConfigurationIsVisible = 0;
			defaultConfigurationName = Release;
		};
		E1AAEE141EDA67E100FC4CF9 /* Build configuration list for PBXNativeTarget "myYelpStudy" */ = {
			isa = XCConfigurationList;
			buildConfigurations = (
				E1AAEE151EDA67E100FC4CF9 /* Debug */,
				E1AAEE161EDA67E100FC4CF9 /* Release */,
			);
			defaultConfigurationIsVisible = 0;
		};
		E1AAEE171EDA67E100FC4CF9 /* Build configuration list for PBXNativeTarget "myYelpStudyTests" */ = {
			isa = XCConfigurationList;
			buildConfigurations = (
				E1AAEE181EDA67E100FC4CF9 /* Debug */,
				E1AAEE191EDA67E100FC4CF9 /* Release */,
			);
			defaultConfigurationIsVisible = 0;
		};
		E1AAEE1A1EDA67E100FC4CF9 /* Build configuration list for PBXNativeTarget "myYelpStudyUITests" */ = {
			isa = XCConfigurationList;
			buildConfigurations = (
				E1AAEE1B1EDA67E100FC4CF9 /* Debug */,
				E1AAEE1C1EDA67E100FC4CF9 /* Release */,
			);
			defaultConfigurationIsVisible = 0;
		};
/* End XCConfigurationList section */
	};
	rootObject = E1AAEDDF1EDA67E100FC4CF9 /* Project object */;
}
